// !$*UTF8*$!
{
	archiveVersion = 1;
	classes = {
	};
	objectVersion = 50;
	objects = {

/* Begin PBXBuildFile section */
		5552B48F30D15B9C07C410F9 /* Pods_KualiteeSDK.framework in Frameworks */ = {isa = PBXBuildFile; fileRef = 918C3DFA8EEF5690C137C548 /* Pods_KualiteeSDK.framework */; };
		760C4EAB5C9FD8D86715EBF4 /* Pods_KualiteeSDKTests.framework in Frameworks */ = {isa = PBXBuildFile; fileRef = C2FFD4CBC8E69A7D6EF47DBA /* Pods_KualiteeSDKTests.framework */; };
		87636E0B22392B8600306502 /* KualiteeUtility.swift in Sources */ = {isa = PBXBuildFile; fileRef = 87636DE422392B8500306502 /* KualiteeUtility.swift */; };
		87636E0D22392B8600306502 /* CanvasColorCollectionCell.swift in Sources */ = {isa = PBXBuildFile; fileRef = 87636DE922392B8500306502 /* CanvasColorCollectionCell.swift */; };
		87636E0E22392B8600306502 /* CanvasViewDelegate.swift in Sources */ = {isa = PBXBuildFile; fileRef = 87636DEB22392B8500306502 /* CanvasViewDelegate.swift */; };
		87636E0F22392B8600306502 /* KualiteeCanvas.swift in Sources */ = {isa = PBXBuildFile; fileRef = 87636DED22392B8500306502 /* KualiteeCanvas.swift */; };
		87636E1022392B8600306502 /* CanvasViewController.xib in Resources */ = {isa = PBXBuildFile; fileRef = 87636DEF22392B8500306502 /* CanvasViewController.xib */; };
		87636E1122392B8600306502 /* CanvasViewController.swift in Sources */ = {isa = PBXBuildFile; fileRef = 87636DF022392B8500306502 /* CanvasViewController.swift */; };
		87636E1222392B8600306502 /* CanvasPoint.swift in Sources */ = {isa = PBXBuildFile; fileRef = 87636DF222392B8500306502 /* CanvasPoint.swift */; };
		87636E1322392B8600306502 /* Constants.swift in Sources */ = {isa = PBXBuildFile; fileRef = 87636DF422392B8500306502 /* Constants.swift */; };
		87636E1422392B8600306502 /* ActivityIndicatorView.swift in Sources */ = {isa = PBXBuildFile; fileRef = 87636DF622392B8500306502 /* ActivityIndicatorView.swift */; };
		87636E1522392B8600306502 /* KualiteeSDK.swift in Sources */ = {isa = PBXBuildFile; fileRef = 87636DF822392B8500306502 /* KualiteeSDK.swift */; };
		87636E1622392B8600306502 /* Extensions.swift in Sources */ = {isa = PBXBuildFile; fileRef = 87636DFA22392B8500306502 /* Extensions.swift */; };
		87636E1722392B8600306502 /* KualiteeSDKCrashlytics.swift in Sources */ = {isa = PBXBuildFile; fileRef = 87636DFC22392B8500306502 /* KualiteeSDKCrashlytics.swift */; };
		87636E1822392B8600306502 /* KualiteeSDKSwift.h in Headers */ = {isa = PBXBuildFile; fileRef = 87636DFE22392B8600306502 /* KualiteeSDKSwift.h */; };
		87636E1922392B8600306502 /* KRuntimeError.swift in Sources */ = {isa = PBXBuildFile; fileRef = 87636E0022392B8600306502 /* KRuntimeError.swift */; };
		87636E1A22392B8600306502 /* Assets.xcassets in Resources */ = {isa = PBXBuildFile; fileRef = 87636E0222392B8600306502 /* Assets.xcassets */; };
		87636E1B22392B8600306502 /* AWSKualiteeS3.swift in Sources */ = {isa = PBXBuildFile; fileRef = 87636E0422392B8600306502 /* AWSKualiteeS3.swift */; };
		87636E1C22392B8600306502 /* UIWindow+Extension.swift in Sources */ = {isa = PBXBuildFile; fileRef = 87636E0622392B8600306502 /* UIWindow+Extension.swift */; };
		87636E1D22392B8600306502 /* URL+Extension.swift in Sources */ = {isa = PBXBuildFile; fileRef = 87636E0822392B8600306502 /* URL+Extension.swift */; };
		87636E1E22392B8600306502 /* NetworkManager.swift in Sources */ = {isa = PBXBuildFile; fileRef = 87636E0A22392B8600306502 /* NetworkManager.swift */; };
		87B8E95722390A7200CE602B /* KualiteeSDK.framework in Frameworks */ = {isa = PBXBuildFile; fileRef = 87B8E94D22390A7200CE602B /* KualiteeSDK.framework */; };
		87B8E95C22390A7200CE602B /* KualiteeSDKTests.swift in Sources */ = {isa = PBXBuildFile; fileRef = 87B8E95B22390A7200CE602B /* KualiteeSDKTests.swift */; };
		87B8E95E22390A7200CE602B /* KualiteeSDK.h in Headers */ = {isa = PBXBuildFile; fileRef = 87B8E95022390A7200CE602B /* KualiteeSDK.h */; settings = {ATTRIBUTES = (Public, ); }; };
/* End PBXBuildFile section */

/* Begin PBXContainerItemProxy section */
		87B8E95822390A7200CE602B /* PBXContainerItemProxy */ = {
			isa = PBXContainerItemProxy;
			containerPortal = 87B8E94422390A7200CE602B /* Project object */;
			proxyType = 1;
			remoteGlobalIDString = 87B8E94C22390A7200CE602B;
			remoteInfo = KualiteeSDK;
		};
/* End PBXContainerItemProxy section */

/* Begin PBXFileReference section */
		65BC70EFC50380C0E2DDCD1F /* Pods-KualiteeSDK.debug.xcconfig */ = {isa = PBXFileReference; includeInIndex = 1; lastKnownFileType = text.xcconfig; name = "Pods-KualiteeSDK.debug.xcconfig"; path = "Pods/Target Support Files/Pods-KualiteeSDK/Pods-KualiteeSDK.debug.xcconfig"; sourceTree = "<group>"; };
		87636DE422392B8500306502 /* KualiteeUtility.swift */ = {isa = PBXFileReference; fileEncoding = 4; lastKnownFileType = sourcecode.swift; path = KualiteeUtility.swift; sourceTree = "<group>"; };
		87636DE922392B8500306502 /* CanvasColorCollectionCell.swift */ = {isa = PBXFileReference; fileEncoding = 4; lastKnownFileType = sourcecode.swift; path = CanvasColorCollectionCell.swift; sourceTree = "<group>"; };
		87636DEB22392B8500306502 /* CanvasViewDelegate.swift */ = {isa = PBXFileReference; fileEncoding = 4; lastKnownFileType = sourcecode.swift; path = CanvasViewDelegate.swift; sourceTree = "<group>"; };
		87636DED22392B8500306502 /* KualiteeCanvas.swift */ = {isa = PBXFileReference; fileEncoding = 4; lastKnownFileType = sourcecode.swift; path = KualiteeCanvas.swift; sourceTree = "<group>"; };
		87636DEF22392B8500306502 /* CanvasViewController.xib */ = {isa = PBXFileReference; fileEncoding = 4; lastKnownFileType = file.xib; path = CanvasViewController.xib; sourceTree = "<group>"; };
		87636DF022392B8500306502 /* CanvasViewController.swift */ = {isa = PBXFileReference; fileEncoding = 4; lastKnownFileType = sourcecode.swift; path = CanvasViewController.swift; sourceTree = "<group>"; };
		87636DF222392B8500306502 /* CanvasPoint.swift */ = {isa = PBXFileReference; fileEncoding = 4; lastKnownFileType = sourcecode.swift; path = CanvasPoint.swift; sourceTree = "<group>"; };
		87636DF422392B8500306502 /* Constants.swift */ = {isa = PBXFileReference; fileEncoding = 4; lastKnownFileType = sourcecode.swift; path = Constants.swift; sourceTree = "<group>"; };
		87636DF622392B8500306502 /* ActivityIndicatorView.swift */ = {isa = PBXFileReference; fileEncoding = 4; lastKnownFileType = sourcecode.swift; path = ActivityIndicatorView.swift; sourceTree = "<group>"; };
		87636DF822392B8500306502 /* KualiteeSDK.swift */ = {isa = PBXFileReference; fileEncoding = 4; lastKnownFileType = sourcecode.swift; path = KualiteeSDK.swift; sourceTree = "<group>"; };
		87636DFA22392B8500306502 /* Extensions.swift */ = {isa = PBXFileReference; fileEncoding = 4; lastKnownFileType = sourcecode.swift; path = Extensions.swift; sourceTree = "<group>"; };
		87636DFC22392B8500306502 /* KualiteeSDKCrashlytics.swift */ = {isa = PBXFileReference; fileEncoding = 4; lastKnownFileType = sourcecode.swift; path = KualiteeSDKCrashlytics.swift; sourceTree = "<group>"; };
		87636DFE22392B8600306502 /* KualiteeSDKSwift.h */ = {isa = PBXFileReference; fileEncoding = 4; lastKnownFileType = sourcecode.c.h; path = KualiteeSDKSwift.h; sourceTree = "<group>"; };
		87636E0022392B8600306502 /* KRuntimeError.swift */ = {isa = PBXFileReference; fileEncoding = 4; lastKnownFileType = sourcecode.swift; path = KRuntimeError.swift; sourceTree = "<group>"; };
		87636E0222392B8600306502 /* Assets.xcassets */ = {isa = PBXFileReference; lastKnownFileType = folder.assetcatalog; path = Assets.xcassets; sourceTree = "<group>"; };
		87636E0422392B8600306502 /* AWSKualiteeS3.swift */ = {isa = PBXFileReference; fileEncoding = 4; lastKnownFileType = sourcecode.swift; path = AWSKualiteeS3.swift; sourceTree = "<group>"; };
		87636E0622392B8600306502 /* UIWindow+Extension.swift */ = {isa = PBXFileReference; fileEncoding = 4; lastKnownFileType = sourcecode.swift; path = "UIWindow+Extension.swift"; sourceTree = "<group>"; };
		87636E0822392B8600306502 /* URL+Extension.swift */ = {isa = PBXFileReference; fileEncoding = 4; lastKnownFileType = sourcecode.swift; path = "URL+Extension.swift"; sourceTree = "<group>"; };
		87636E0A22392B8600306502 /* NetworkManager.swift */ = {isa = PBXFileReference; fileEncoding = 4; lastKnownFileType = sourcecode.swift; path = NetworkManager.swift; sourceTree = "<group>"; };
		87B8E94D22390A7200CE602B /* KualiteeSDK.framework */ = {isa = PBXFileReference; explicitFileType = wrapper.framework; includeInIndex = 0; path = KualiteeSDK.framework; sourceTree = BUILT_PRODUCTS_DIR; };
		87B8E95022390A7200CE602B /* KualiteeSDK.h */ = {isa = PBXFileReference; lastKnownFileType = sourcecode.c.h; path = KualiteeSDK.h; sourceTree = "<group>"; };
		87B8E95122390A7200CE602B /* Info.plist */ = {isa = PBXFileReference; lastKnownFileType = text.plist.xml; path = Info.plist; sourceTree = "<group>"; };
		87B8E95622390A7200CE602B /* KualiteeSDKTests.xctest */ = {isa = PBXFileReference; explicitFileType = wrapper.cfbundle; includeInIndex = 0; path = KualiteeSDKTests.xctest; sourceTree = BUILT_PRODUCTS_DIR; };
		87B8E95B22390A7200CE602B /* KualiteeSDKTests.swift */ = {isa = PBXFileReference; lastKnownFileType = sourcecode.swift; path = KualiteeSDKTests.swift; sourceTree = "<group>"; };
		87B8E95D22390A7200CE602B /* Info.plist */ = {isa = PBXFileReference; lastKnownFileType = text.plist.xml; path = Info.plist; sourceTree = "<group>"; };
		918C3DFA8EEF5690C137C548 /* Pods_KualiteeSDK.framework */ = {isa = PBXFileReference; explicitFileType = wrapper.framework; includeInIndex = 0; path = Pods_KualiteeSDK.framework; sourceTree = BUILT_PRODUCTS_DIR; };
		AE2BB0A60F73FA1B3D92D07D /* Pods-KualiteeSDKTests.release.xcconfig */ = {isa = PBXFileReference; includeInIndex = 1; lastKnownFileType = text.xcconfig; name = "Pods-KualiteeSDKTests.release.xcconfig"; path = "Pods/Target Support Files/Pods-KualiteeSDKTests/Pods-KualiteeSDKTests.release.xcconfig"; sourceTree = "<group>"; };
		C2FFD4CBC8E69A7D6EF47DBA /* Pods_KualiteeSDKTests.framework */ = {isa = PBXFileReference; explicitFileType = wrapper.framework; includeInIndex = 0; path = Pods_KualiteeSDKTests.framework; sourceTree = BUILT_PRODUCTS_DIR; };
		C34351211930995B4D44CF54 /* Pods-KualiteeSDKTests.debug.xcconfig */ = {isa = PBXFileReference; includeInIndex = 1; lastKnownFileType = text.xcconfig; name = "Pods-KualiteeSDKTests.debug.xcconfig"; path = "Pods/Target Support Files/Pods-KualiteeSDKTests/Pods-KualiteeSDKTests.debug.xcconfig"; sourceTree = "<group>"; };
		CDEA7FBF277E98524FA4DAA5 /* Pods-KualiteeSDK.release.xcconfig */ = {isa = PBXFileReference; includeInIndex = 1; lastKnownFileType = text.xcconfig; name = "Pods-KualiteeSDK.release.xcconfig"; path = "Pods/Target Support Files/Pods-KualiteeSDK/Pods-KualiteeSDK.release.xcconfig"; sourceTree = "<group>"; };
/* End PBXFileReference section */

/* Begin PBXFrameworksBuildPhase section */
		87B8E94A22390A7200CE602B /* Frameworks */ = {
			isa = PBXFrameworksBuildPhase;
			buildActionMask = 2147483647;
			files = (
				5552B48F30D15B9C07C410F9 /* Pods_KualiteeSDK.framework in Frameworks */,
			);
			runOnlyForDeploymentPostprocessing = 0;
		};
		87B8E95322390A7200CE602B /* Frameworks */ = {
			isa = PBXFrameworksBuildPhase;
			buildActionMask = 2147483647;
			files = (
				87B8E95722390A7200CE602B /* KualiteeSDK.framework in Frameworks */,
				760C4EAB5C9FD8D86715EBF4 /* Pods_KualiteeSDKTests.framework in Frameworks */,
			);
			runOnlyForDeploymentPostprocessing = 0;
		};
/* End PBXFrameworksBuildPhase section */

/* Begin PBXGroup section */
		1538E61507439D892B3EA4A9 /* Pods */ = {
			isa = PBXGroup;
			children = (
				65BC70EFC50380C0E2DDCD1F /* Pods-KualiteeSDK.debug.xcconfig */,
				CDEA7FBF277E98524FA4DAA5 /* Pods-KualiteeSDK.release.xcconfig */,
				C34351211930995B4D44CF54 /* Pods-KualiteeSDKTests.debug.xcconfig */,
				AE2BB0A60F73FA1B3D92D07D /* Pods-KualiteeSDKTests.release.xcconfig */,
			);
			name = Pods;
			sourceTree = "<group>";
		};
		87636DE322392B8500306502 /* Utility */ = {
			isa = PBXGroup;
			children = (
				87636DE422392B8500306502 /* KualiteeUtility.swift */,
			);
			path = Utility;
			sourceTree = "<group>";
		};
		87636DE522392B8500306502 /* Resources */ = {
			isa = PBXGroup;
			children = (
				87B8E95022390A7200CE602B /* KualiteeSDK.h */,
				87B8E95122390A7200CE602B /* Info.plist */,
			);
			path = Resources;
			sourceTree = "<group>";
		};
		87636DE722392B8500306502 /* Screenshot Editor */ = {
			isa = PBXGroup;
			children = (
				87636DE822392B8500306502 /* CanvasCollectionCell */,
				87636DEA22392B8500306502 /* CanvasViewDelegate */,
				87636DEC22392B8500306502 /* Canvas View */,
				87636DEE22392B8500306502 /* CanvasViewController */,
				87636DF122392B8500306502 /* CanvasPointModel */,
			);
			path = "Screenshot Editor";
			sourceTree = "<group>";
		};
		87636DE822392B8500306502 /* CanvasCollectionCell */ = {
			isa = PBXGroup;
			children = (
				87636DE922392B8500306502 /* CanvasColorCollectionCell.swift */,
			);
			path = CanvasCollectionCell;
			sourceTree = "<group>";
		};
		87636DEA22392B8500306502 /* CanvasViewDelegate */ = {
			isa = PBXGroup;
			children = (
				87636DEB22392B8500306502 /* CanvasViewDelegate.swift */,
			);
			path = CanvasViewDelegate;
			sourceTree = "<group>";
		};
		87636DEC22392B8500306502 /* Canvas View */ = {
			isa = PBXGroup;
			children = (
				87636DED22392B8500306502 /* KualiteeCanvas.swift */,
			);
			path = "Canvas View";
			sourceTree = "<group>";
		};
		87636DEE22392B8500306502 /* CanvasViewController */ = {
			isa = PBXGroup;
			children = (
				87636DEF22392B8500306502 /* CanvasViewController.xib */,
				87636DF022392B8500306502 /* CanvasViewController.swift */,
			);
			path = CanvasViewController;
			sourceTree = "<group>";
		};
		87636DF122392B8500306502 /* CanvasPointModel */ = {
			isa = PBXGroup;
			children = (
				87636DF222392B8500306502 /* CanvasPoint.swift */,
			);
			path = CanvasPointModel;
			sourceTree = "<group>";
		};
		87636DF322392B8500306502 /* Contants */ = {
			isa = PBXGroup;
			children = (
				87636DF422392B8500306502 /* Constants.swift */,
			);
			path = Contants;
			sourceTree = "<group>";
		};
		87636DF522392B8500306502 /* ActivityIndicatorView */ = {
			isa = PBXGroup;
			children = (
				87636DF622392B8500306502 /* ActivityIndicatorView.swift */,
			);
			path = ActivityIndicatorView;
			sourceTree = "<group>";
		};
		87636DF722392B8500306502 /* Kualitee SDK */ = {
			isa = PBXGroup;
			children = (
				87636DF822392B8500306502 /* KualiteeSDK.swift */,
			);
			path = "Kualitee SDK";
			sourceTree = "<group>";
		};
		87636DF922392B8500306502 /* UIView + Extension */ = {
			isa = PBXGroup;
			children = (
				87636DFA22392B8500306502 /* Extensions.swift */,
			);
			path = "UIView + Extension";
			sourceTree = "<group>";
		};
		87636DFB22392B8500306502 /* Kualitee Crash Reporting */ = {
			isa = PBXGroup;
			children = (
				87636DFC22392B8500306502 /* KualiteeSDKCrashlytics.swift */,
			);
			path = "Kualitee Crash Reporting";
			sourceTree = "<group>";
		};
		87636DFD22392B8600306502 /* Header */ = {
			isa = PBXGroup;
			children = (
				87636DFE22392B8600306502 /* KualiteeSDKSwift.h */,
			);
			path = Header;
			sourceTree = "<group>";
		};
		87636DFF22392B8600306502 /* Kualitee RuntimeError */ = {
			isa = PBXGroup;
			children = (
				87636E0022392B8600306502 /* KRuntimeError.swift */,
			);
			path = "Kualitee RuntimeError";
			sourceTree = "<group>";
		};
		87636E0122392B8600306502 /* Assets */ = {
			isa = PBXGroup;
			children = (
				87636E0222392B8600306502 /* Assets.xcassets */,
			);
			path = Assets;
			sourceTree = "<group>";
		};
		87636E0322392B8600306502 /* AWS Configurations */ = {
			isa = PBXGroup;
			children = (
				87636E0422392B8600306502 /* AWSKualiteeS3.swift */,
			);
			path = "AWS Configurations";
			sourceTree = "<group>";
		};
		87636E0522392B8600306502 /* UIWindow+Extension */ = {
			isa = PBXGroup;
			children = (
				87636E0622392B8600306502 /* UIWindow+Extension.swift */,
			);
			path = "UIWindow+Extension";
			sourceTree = "<group>";
		};
		87636E0722392B8600306502 /* URL+Extension */ = {
			isa = PBXGroup;
			children = (
				87636E0822392B8600306502 /* URL+Extension.swift */,
			);
			path = "URL+Extension";
			sourceTree = "<group>";
		};
		87636E0922392B8600306502 /* Network Manager */ = {
			isa = PBXGroup;
			children = (
				87636E0A22392B8600306502 /* NetworkManager.swift */,
			);
			path = "Network Manager";
			sourceTree = "<group>";
		};
		87B8E94322390A7200CE602B = {
			isa = PBXGroup;
			children = (
				87B8E94F22390A7200CE602B /* KualiteeSDK */,
				87B8E95A22390A7200CE602B /* KualiteeSDKTests */,
				87B8E94E22390A7200CE602B /* Products */,
				1538E61507439D892B3EA4A9 /* Pods */,
				9022536D0A17D434F936AA24 /* Frameworks */,
			);
			sourceTree = "<group>";
		};
		87B8E94E22390A7200CE602B /* Products */ = {
			isa = PBXGroup;
			children = (
				87B8E94D22390A7200CE602B /* KualiteeSDK.framework */,
				87B8E95622390A7200CE602B /* KualiteeSDKTests.xctest */,
			);
			name = Products;
			sourceTree = "<group>";
		};
		87B8E94F22390A7200CE602B /* KualiteeSDK */ = {
			isa = PBXGroup;
			children = (
				87636DF522392B8500306502 /* ActivityIndicatorView */,
				87636E0122392B8600306502 /* Assets */,
				87636E0322392B8600306502 /* AWS Configurations */,
				87636DF322392B8500306502 /* Contants */,
				87636DFD22392B8600306502 /* Header */,
				87636DFB22392B8500306502 /* Kualitee Crash Reporting */,
				87636DFF22392B8600306502 /* Kualitee RuntimeError */,
				87636DF722392B8500306502 /* Kualitee SDK */,
				87636E0922392B8600306502 /* Network Manager */,
				87636DE522392B8500306502 /* Resources */,
				87636DE722392B8500306502 /* Screenshot Editor */,
				87636DF922392B8500306502 /* UIView + Extension */,
				87636E0522392B8600306502 /* UIWindow+Extension */,
				87636E0722392B8600306502 /* URL+Extension */,
				87636DE322392B8500306502 /* Utility */,
			);
			path = KualiteeSDK;
			sourceTree = "<group>";
		};
		87B8E95A22390A7200CE602B /* KualiteeSDKTests */ = {
			isa = PBXGroup;
			children = (
				87B8E95B22390A7200CE602B /* KualiteeSDKTests.swift */,
				87B8E95D22390A7200CE602B /* Info.plist */,
			);
			path = KualiteeSDKTests;
			sourceTree = "<group>";
		};
		9022536D0A17D434F936AA24 /* Frameworks */ = {
			isa = PBXGroup;
			children = (
				918C3DFA8EEF5690C137C548 /* Pods_KualiteeSDK.framework */,
				C2FFD4CBC8E69A7D6EF47DBA /* Pods_KualiteeSDKTests.framework */,
			);
			name = Frameworks;
			sourceTree = "<group>";
		};
/* End PBXGroup section */

/* Begin PBXHeadersBuildPhase section */
		87B8E94822390A7200CE602B /* Headers */ = {
			isa = PBXHeadersBuildPhase;
			buildActionMask = 2147483647;
			files = (
				87B8E95E22390A7200CE602B /* KualiteeSDK.h in Headers */,
				87636E1822392B8600306502 /* KualiteeSDKSwift.h in Headers */,
			);
			runOnlyForDeploymentPostprocessing = 0;
		};
/* End PBXHeadersBuildPhase section */

/* Begin PBXNativeTarget section */
		87B8E94C22390A7200CE602B /* KualiteeSDK */ = {
			isa = PBXNativeTarget;
			buildConfigurationList = 87B8E96122390A7200CE602B /* Build configuration list for PBXNativeTarget "KualiteeSDK" */;
			buildPhases = (
				3E5BC40731C9D6E15EAB758E /* [CP] Check Pods Manifest.lock */,
				87B8E94822390A7200CE602B /* Headers */,
				87B8E94922390A7200CE602B /* Sources */,
				87B8E94A22390A7200CE602B /* Frameworks */,
				87B8E94B22390A7200CE602B /* Resources */,
			);
			buildRules = (
			);
			dependencies = (
			);
			name = KualiteeSDK;
			productName = KualiteeSDK;
			productReference = 87B8E94D22390A7200CE602B /* KualiteeSDK.framework */;
			productType = "com.apple.product-type.framework";
		};
		87B8E95522390A7200CE602B /* KualiteeSDKTests */ = {
			isa = PBXNativeTarget;
			buildConfigurationList = 87B8E96422390A7200CE602B /* Build configuration list for PBXNativeTarget "KualiteeSDKTests" */;
			buildPhases = (
				3C2CD1682CA0D3C8BBE59C41 /* [CP] Check Pods Manifest.lock */,
				87B8E95222390A7200CE602B /* Sources */,
				87B8E95322390A7200CE602B /* Frameworks */,
				87B8E95422390A7200CE602B /* Resources */,
				00F661E94E600459D6193E6F /* [CP] Embed Pods Frameworks */,
			);
			buildRules = (
			);
			dependencies = (
				87B8E95922390A7200CE602B /* PBXTargetDependency */,
			);
			name = KualiteeSDKTests;
			productName = KualiteeSDKTests;
			productReference = 87B8E95622390A7200CE602B /* KualiteeSDKTests.xctest */;
			productType = "com.apple.product-type.bundle.unit-test";
		};
/* End PBXNativeTarget section */

/* Begin PBXProject section */
		87B8E94422390A7200CE602B /* Project object */ = {
			isa = PBXProject;
			attributes = {
				LastSwiftUpdateCheck = 1010;
				LastUpgradeCheck = 1010;
				ORGANIZATIONNAME = Dev_iOS;
				TargetAttributes = {
					87B8E94C22390A7200CE602B = {
						CreatedOnToolsVersion = 10.1;
						LastSwiftMigration = 1010;
					};
					87B8E95522390A7200CE602B = {
						CreatedOnToolsVersion = 10.1;
					};
				};
			};
			buildConfigurationList = 87B8E94722390A7200CE602B /* Build configuration list for PBXProject "KualiteeSDK" */;
			compatibilityVersion = "Xcode 9.3";
			developmentRegion = en;
			hasScannedForEncodings = 0;
			knownRegions = (
				en,
			);
			mainGroup = 87B8E94322390A7200CE602B;
			productRefGroup = 87B8E94E22390A7200CE602B /* Products */;
			projectDirPath = "";
			projectRoot = "";
			targets = (
				87B8E94C22390A7200CE602B /* KualiteeSDK */,
				87B8E95522390A7200CE602B /* KualiteeSDKTests */,
			);
		};
/* End PBXProject section */

/* Begin PBXResourcesBuildPhase section */
		87B8E94B22390A7200CE602B /* Resources */ = {
			isa = PBXResourcesBuildPhase;
			buildActionMask = 2147483647;
			files = (
				87636E1022392B8600306502 /* CanvasViewController.xib in Resources */,
				87636E1A22392B8600306502 /* Assets.xcassets in Resources */,
			);
			runOnlyForDeploymentPostprocessing = 0;
		};
		87B8E95422390A7200CE602B /* Resources */ = {
			isa = PBXResourcesBuildPhase;
			buildActionMask = 2147483647;
			files = (
			);
			runOnlyForDeploymentPostprocessing = 0;
		};
/* End PBXResourcesBuildPhase section */

/* Begin PBXShellScriptBuildPhase section */
		00F661E94E600459D6193E6F /* [CP] Embed Pods Frameworks */ = {
			isa = PBXShellScriptBuildPhase;
			buildActionMask = 2147483647;
			files = (
			);
			inputFileListPaths = (
			);
			inputPaths = (
				"${SRCROOT}/Pods/Target Support Files/Pods-KualiteeSDKTests/Pods-KualiteeSDKTests-frameworks.sh",
				"${BUILT_PRODUCTS_DIR}/AWSAuthCore/AWSAuthCore.framework",
				"${BUILT_PRODUCTS_DIR}/AWSCore/AWSCore.framework",
				"${BUILT_PRODUCTS_DIR}/AWSMobileClient/AWSMobileClient.framework",
				"${BUILT_PRODUCTS_DIR}/AWSS3/AWSS3.framework",
			);
			name = "[CP] Embed Pods Frameworks";
			outputFileListPaths = (
			);
			outputPaths = (
				"${TARGET_BUILD_DIR}/${FRAMEWORKS_FOLDER_PATH}/AWSAuthCore.framework",
				"${TARGET_BUILD_DIR}/${FRAMEWORKS_FOLDER_PATH}/AWSCore.framework",
				"${TARGET_BUILD_DIR}/${FRAMEWORKS_FOLDER_PATH}/AWSMobileClient.framework",
				"${TARGET_BUILD_DIR}/${FRAMEWORKS_FOLDER_PATH}/AWSS3.framework",
			);
			runOnlyForDeploymentPostprocessing = 0;
			shellPath = /bin/sh;
			shellScript = "\"${SRCROOT}/Pods/Target Support Files/Pods-KualiteeSDKTests/Pods-KualiteeSDKTests-frameworks.sh\"\n";
			showEnvVarsInLog = 0;
		};
		3C2CD1682CA0D3C8BBE59C41 /* [CP] Check Pods Manifest.lock */ = {
			isa = PBXShellScriptBuildPhase;
			buildActionMask = 2147483647;
			files = (
			);
			inputFileListPaths = (
			);
			inputPaths = (
				"${PODS_PODFILE_DIR_PATH}/Podfile.lock",
				"${PODS_ROOT}/Manifest.lock",
			);
			name = "[CP] Check Pods Manifest.lock";
			outputFileListPaths = (
			);
			outputPaths = (
				"$(DERIVED_FILE_DIR)/Pods-KualiteeSDKTests-checkManifestLockResult.txt",
			);
			runOnlyForDeploymentPostprocessing = 0;
			shellPath = /bin/sh;
			shellScript = "diff \"${PODS_PODFILE_DIR_PATH}/Podfile.lock\" \"${PODS_ROOT}/Manifest.lock\" > /dev/null\nif [ $? != 0 ] ; then\n    # print error to STDERR\n    echo \"error: The sandbox is not in sync with the Podfile.lock. Run 'pod install' or update your CocoaPods installation.\" >&2\n    exit 1\nfi\n# This output is used by Xcode 'outputs' to avoid re-running this script phase.\necho \"SUCCESS\" > \"${SCRIPT_OUTPUT_FILE_0}\"\n";
			showEnvVarsInLog = 0;
		};
		3E5BC40731C9D6E15EAB758E /* [CP] Check Pods Manifest.lock */ = {
			isa = PBXShellScriptBuildPhase;
			buildActionMask = 2147483647;
			files = (
			);
			inputFileListPaths = (
			);
			inputPaths = (
				"${PODS_PODFILE_DIR_PATH}/Podfile.lock",
				"${PODS_ROOT}/Manifest.lock",
			);
			name = "[CP] Check Pods Manifest.lock";
			outputFileListPaths = (
			);
			outputPaths = (
				"$(DERIVED_FILE_DIR)/Pods-KualiteeSDK-checkManifestLockResult.txt",
			);
			runOnlyForDeploymentPostprocessing = 0;
			shellPath = /bin/sh;
			shellScript = "diff \"${PODS_PODFILE_DIR_PATH}/Podfile.lock\" \"${PODS_ROOT}/Manifest.lock\" > /dev/null\nif [ $? != 0 ] ; then\n    # print error to STDERR\n    echo \"error: The sandbox is not in sync with the Podfile.lock. Run 'pod install' or update your CocoaPods installation.\" >&2\n    exit 1\nfi\n# This output is used by Xcode 'outputs' to avoid re-running this script phase.\necho \"SUCCESS\" > \"${SCRIPT_OUTPUT_FILE_0}\"\n";
			showEnvVarsInLog = 0;
		};
/* End PBXShellScriptBuildPhase section */

/* Begin PBXSourcesBuildPhase section */
		87B8E94922390A7200CE602B /* Sources */ = {
			isa = PBXSourcesBuildPhase;
			buildActionMask = 2147483647;
			files = (
				87636E0E22392B8600306502 /* CanvasViewDelegate.swift in Sources */,
				87636E0B22392B8600306502 /* KualiteeUtility.swift in Sources */,
				87636E0D22392B8600306502 /* CanvasColorCollectionCell.swift in Sources */,
				87636E1922392B8600306502 /* KRuntimeError.swift in Sources */,
				87636E1E22392B8600306502 /* NetworkManager.swift in Sources */,
				87636E1422392B8600306502 /* ActivityIndicatorView.swift in Sources */,
				87636E1122392B8600306502 /* CanvasViewController.swift in Sources */,
				87636E1622392B8600306502 /* Extensions.swift in Sources */,
				87636E1322392B8600306502 /* Constants.swift in Sources */,
				87636E1D22392B8600306502 /* URL+Extension.swift in Sources */,
				87636E1722392B8600306502 /* KualiteeSDKCrashlytics.swift in Sources */,
				87636E1C22392B8600306502 /* UIWindow+Extension.swift in Sources */,
				87636E1B22392B8600306502 /* AWSKualiteeS3.swift in Sources */,
				87636E1222392B8600306502 /* CanvasPoint.swift in Sources */,
				87636E1522392B8600306502 /* KualiteeSDK.swift in Sources */,
				87636E0F22392B8600306502 /* KualiteeCanvas.swift in Sources */,
			);
			runOnlyForDeploymentPostprocessing = 0;
		};
		87B8E95222390A7200CE602B /* Sources */ = {
			isa = PBXSourcesBuildPhase;
			buildActionMask = 2147483647;
			files = (
				87B8E95C22390A7200CE602B /* KualiteeSDKTests.swift in Sources */,
			);
			runOnlyForDeploymentPostprocessing = 0;
		};
/* End PBXSourcesBuildPhase section */

/* Begin PBXTargetDependency section */
		87B8E95922390A7200CE602B /* PBXTargetDependency */ = {
			isa = PBXTargetDependency;
			target = 87B8E94C22390A7200CE602B /* KualiteeSDK */;
			targetProxy = 87B8E95822390A7200CE602B /* PBXContainerItemProxy */;
		};
/* End PBXTargetDependency section */

/* Begin XCBuildConfiguration section */
		87B8E95F22390A7200CE602B /* Debug */ = {
			isa = XCBuildConfiguration;
			buildSettings = {
				ALWAYS_SEARCH_USER_PATHS = NO;
				CLANG_ANALYZER_NONNULL = YES;
				CLANG_ANALYZER_NUMBER_OBJECT_CONVERSION = YES_AGGRESSIVE;
				CLANG_CXX_LANGUAGE_STANDARD = "gnu++14";
				CLANG_CXX_LIBRARY = "libc++";
				CLANG_ENABLE_MODULES = YES;
				CLANG_ENABLE_OBJC_ARC = YES;
				CLANG_ENABLE_OBJC_WEAK = YES;
				CLANG_WARN_BLOCK_CAPTURE_AUTORELEASING = YES;
				CLANG_WARN_BOOL_CONVERSION = YES;
				CLANG_WARN_COMMA = YES;
				CLANG_WARN_CONSTANT_CONVERSION = YES;
				CLANG_WARN_DEPRECATED_OBJC_IMPLEMENTATIONS = YES;
				CLANG_WARN_DIRECT_OBJC_ISA_USAGE = YES_ERROR;
				CLANG_WARN_DOCUMENTATION_COMMENTS = YES;
				CLANG_WARN_EMPTY_BODY = YES;
				CLANG_WARN_ENUM_CONVERSION = YES;
				CLANG_WARN_INFINITE_RECURSION = YES;
				CLANG_WARN_INT_CONVERSION = YES;
				CLANG_WARN_NON_LITERAL_NULL_CONVERSION = YES;
				CLANG_WARN_OBJC_IMPLICIT_RETAIN_SELF = YES;
				CLANG_WARN_OBJC_LITERAL_CONVERSION = YES;
				CLANG_WARN_OBJC_ROOT_CLASS = YES_ERROR;
				CLANG_WARN_RANGE_LOOP_ANALYSIS = YES;
				CLANG_WARN_STRICT_PROTOTYPES = YES;
				CLANG_WARN_SUSPICIOUS_MOVE = YES;
				CLANG_WARN_UNGUARDED_AVAILABILITY = YES_AGGRESSIVE;
				CLANG_WARN_UNREACHABLE_CODE = YES;
				CLANG_WARN__DUPLICATE_METHOD_MATCH = YES;
				CODE_SIGN_IDENTITY = "iPhone Developer";
				COPY_PHASE_STRIP = NO;
				CURRENT_PROJECT_VERSION = 1;
				DEBUG_INFORMATION_FORMAT = dwarf;
				ENABLE_STRICT_OBJC_MSGSEND = YES;
				ENABLE_TESTABILITY = YES;
				GCC_C_LANGUAGE_STANDARD = gnu11;
				GCC_DYNAMIC_NO_PIC = NO;
				GCC_NO_COMMON_BLOCKS = YES;
				GCC_OPTIMIZATION_LEVEL = 0;
				GCC_PREPROCESSOR_DEFINITIONS = (
					"DEBUG=1",
					"$(inherited)",
				);
				GCC_WARN_64_TO_32_BIT_CONVERSION = YES;
				GCC_WARN_ABOUT_RETURN_TYPE = YES_ERROR;
				GCC_WARN_UNDECLARED_SELECTOR = YES;
				GCC_WARN_UNINITIALIZED_AUTOS = YES_AGGRESSIVE;
				GCC_WARN_UNUSED_FUNCTION = YES;
				GCC_WARN_UNUSED_VARIABLE = YES;
				IPHONEOS_DEPLOYMENT_TARGET = 12.1;
				MTL_ENABLE_DEBUG_INFO = INCLUDE_SOURCE;
				MTL_FAST_MATH = YES;
				ONLY_ACTIVE_ARCH = YES;
				SDKROOT = iphoneos;
				SWIFT_ACTIVE_COMPILATION_CONDITIONS = DEBUG;
				SWIFT_OPTIMIZATION_LEVEL = "-Onone";
				VERSIONING_SYSTEM = "apple-generic";
				VERSION_INFO_PREFIX = "";
			};
			name = Debug;
		};
		87B8E96022390A7200CE602B /* Release */ = {
			isa = XCBuildConfiguration;
			buildSettings = {
				ALWAYS_SEARCH_USER_PATHS = NO;
				CLANG_ANALYZER_NONNULL = YES;
				CLANG_ANALYZER_NUMBER_OBJECT_CONVERSION = YES_AGGRESSIVE;
				CLANG_CXX_LANGUAGE_STANDARD = "gnu++14";
				CLANG_CXX_LIBRARY = "libc++";
				CLANG_ENABLE_MODULES = YES;
				CLANG_ENABLE_OBJC_ARC = YES;
				CLANG_ENABLE_OBJC_WEAK = YES;
				CLANG_WARN_BLOCK_CAPTURE_AUTORELEASING = YES;
				CLANG_WARN_BOOL_CONVERSION = YES;
				CLANG_WARN_COMMA = YES;
				CLANG_WARN_CONSTANT_CONVERSION = YES;
				CLANG_WARN_DEPRECATED_OBJC_IMPLEMENTATIONS = YES;
				CLANG_WARN_DIRECT_OBJC_ISA_USAGE = YES_ERROR;
				CLANG_WARN_DOCUMENTATION_COMMENTS = YES;
				CLANG_WARN_EMPTY_BODY = YES;
				CLANG_WARN_ENUM_CONVERSION = YES;
				CLANG_WARN_INFINITE_RECURSION = YES;
				CLANG_WARN_INT_CONVERSION = YES;
				CLANG_WARN_NON_LITERAL_NULL_CONVERSION = YES;
				CLANG_WARN_OBJC_IMPLICIT_RETAIN_SELF = YES;
				CLANG_WARN_OBJC_LITERAL_CONVERSION = YES;
				CLANG_WARN_OBJC_ROOT_CLASS = YES_ERROR;
				CLANG_WARN_RANGE_LOOP_ANALYSIS = YES;
				CLANG_WARN_STRICT_PROTOTYPES = YES;
				CLANG_WARN_SUSPICIOUS_MOVE = YES;
				CLANG_WARN_UNGUARDED_AVAILABILITY = YES_AGGRESSIVE;
				CLANG_WARN_UNREACHABLE_CODE = YES;
				CLANG_WARN__DUPLICATE_METHOD_MATCH = YES;
				CODE_SIGN_IDENTITY = "iPhone Developer";
				COPY_PHASE_STRIP = NO;
				CURRENT_PROJECT_VERSION = 1;
				DEBUG_INFORMATION_FORMAT = "dwarf-with-dsym";
				ENABLE_NS_ASSERTIONS = NO;
				ENABLE_STRICT_OBJC_MSGSEND = YES;
				GCC_C_LANGUAGE_STANDARD = gnu11;
				GCC_NO_COMMON_BLOCKS = YES;
				GCC_WARN_64_TO_32_BIT_CONVERSION = YES;
				GCC_WARN_ABOUT_RETURN_TYPE = YES_ERROR;
				GCC_WARN_UNDECLARED_SELECTOR = YES;
				GCC_WARN_UNINITIALIZED_AUTOS = YES_AGGRESSIVE;
				GCC_WARN_UNUSED_FUNCTION = YES;
				GCC_WARN_UNUSED_VARIABLE = YES;
				IPHONEOS_DEPLOYMENT_TARGET = 12.1;
				MTL_ENABLE_DEBUG_INFO = NO;
				MTL_FAST_MATH = YES;
				SDKROOT = iphoneos;
				SWIFT_COMPILATION_MODE = wholemodule;
				SWIFT_OPTIMIZATION_LEVEL = "-O";
				VALIDATE_PRODUCT = YES;
				VERSIONING_SYSTEM = "apple-generic";
				VERSION_INFO_PREFIX = "";
			};
			name = Release;
		};
		87B8E96222390A7200CE602B /* Debug */ = {
			isa = XCBuildConfiguration;
			baseConfigurationReference = 65BC70EFC50380C0E2DDCD1F /* Pods-KualiteeSDK.debug.xcconfig */;
			buildSettings = {
				CLANG_ENABLE_MODULES = YES;
				CODE_SIGN_IDENTITY = "iPhone Developer";
				CODE_SIGN_STYLE = Automatic;
				DEFINES_MODULE = YES;
				DEVELOPMENT_TEAM = "";
				DYLIB_COMPATIBILITY_VERSION = 1;
				DYLIB_CURRENT_VERSION = 1;
				DYLIB_INSTALL_NAME_BASE = "@rpath";
				INFOPLIST_FILE = "$(SRCROOT)/KualiteeSDK/Resources/Info.plist";
				INSTALL_PATH = "$(LOCAL_LIBRARY_DIR)/Frameworks";
				IPHONEOS_DEPLOYMENT_TARGET = 10.0;
				LD_RUNPATH_SEARCH_PATHS = (
					"$(inherited)",
					"@executable_path/Frameworks",
					"@loader_path/Frameworks",
				);
				PRODUCT_BUNDLE_IDENTIFIER = com.kvf.KualiteeSDK;
				PRODUCT_NAME = "$(TARGET_NAME:c99extidentifier)";
				PROVISIONING_PROFILE_SPECIFIER = "";
				SKIP_INSTALL = YES;
				SWIFT_OPTIMIZATION_LEVEL = "-Onone";
				SWIFT_VERSION = 4.2;
				TARGETED_DEVICE_FAMILY = "1,2";
			};
			name = Debug;
		};
		87B8E96322390A7200CE602B /* Release */ = {
			isa = XCBuildConfiguration;
			baseConfigurationReference = CDEA7FBF277E98524FA4DAA5 /* Pods-KualiteeSDK.release.xcconfig */;
			buildSettings = {
				CLANG_ENABLE_MODULES = YES;
				CODE_SIGN_IDENTITY = "iPhone Developer";
				CODE_SIGN_STYLE = Automatic;
				DEFINES_MODULE = YES;
				DEVELOPMENT_TEAM = "";
				DYLIB_COMPATIBILITY_VERSION = 1;
				DYLIB_CURRENT_VERSION = 1;
				DYLIB_INSTALL_NAME_BASE = "@rpath";
				INFOPLIST_FILE = "$(SRCROOT)/KualiteeSDK/Resources/Info.plist";
				INSTALL_PATH = "$(LOCAL_LIBRARY_DIR)/Frameworks";
				IPHONEOS_DEPLOYMENT_TARGET = 10.0;
				LD_RUNPATH_SEARCH_PATHS = (
					"$(inherited)",
					"@executable_path/Frameworks",
					"@loader_path/Frameworks",
				);
				PRODUCT_BUNDLE_IDENTIFIER = com.kvf.KualiteeSDK;
				PRODUCT_NAME = "$(TARGET_NAME:c99extidentifier)";
				PROVISIONING_PROFILE_SPECIFIER = "";
				SKIP_INSTALL = YES;
				SWIFT_VERSION = 4.2;
				TARGETED_DEVICE_FAMILY = "1,2";
			};
			name = Release;
		};
		87B8E96522390A7200CE602B /* Debug */ = {
			isa = XCBuildConfiguration;
			baseConfigurationReference = C34351211930995B4D44CF54 /* Pods-KualiteeSDKTests.debug.xcconfig */;
			buildSettings = {
				ALWAYS_EMBED_SWIFT_STANDARD_LIBRARIES = YES;
				CODE_SIGN_STYLE = Automatic;
				DEVELOPMENT_TEAM = CKB7CVX257;
				INFOPLIST_FILE = KualiteeSDKTests/Info.plist;
				LD_RUNPATH_SEARCH_PATHS = (
					"$(inherited)",
					"@executable_path/Frameworks",
					"@loader_path/Frameworks",
				);
				PRODUCT_BUNDLE_IDENTIFIER = com.DEViOS.KualiteeSDKTests;
				PRODUCT_NAME = "$(TARGET_NAME)";
				SWIFT_VERSION = 4.2;
				TARGETED_DEVICE_FAMILY = "1,2";
			};
			name = Debug;
		};
		87B8E96622390A7200CE602B /* Release */ = {
			isa = XCBuildConfiguration;
			baseConfigurationReference = AE2BB0A60F73FA1B3D92D07D /* Pods-KualiteeSDKTests.release.xcconfig */;
			buildSettings = {
				ALWAYS_EMBED_SWIFT_STANDARD_LIBRARIES = YES;
				CODE_SIGN_STYLE = Automatic;
				DEVELOPMENT_TEAM = CKB7CVX257;
				INFOPLIST_FILE = KualiteeSDKTests/Info.plist;
				LD_RUNPATH_SEARCH_PATHS = (
					"$(inherited)",
					"@executable_path/Frameworks",
					"@loader_path/Frameworks",
				);
				PRODUCT_BUNDLE_IDENTIFIER = com.DEViOS.KualiteeSDKTests;
				PRODUCT_NAME = "$(TARGET_NAME)";
				SWIFT_VERSION = 4.2;
				TARGETED_DEVICE_FAMILY = "1,2";
			};
			name = Release;
		};
/* End XCBuildConfiguration section */

/* Begin XCConfigurationList section */
		87B8E94722390A7200CE602B /* Build configuration list for PBXProject "KualiteeSDK" */ = {
			isa = XCConfigurationList;
			buildConfigurations = (
				87B8E95F22390A7200CE602B /* Debug */,
				87B8E96022390A7200CE602B /* Release */,
			);
			defaultConfigurationIsVisible = 0;
			defaultConfigurationName = Release;
		};
		87B8E96122390A7200CE602B /* Build configuration list for PBXNativeTarget "KualiteeSDK" */ = {
			isa = XCConfigurationList;
			buildConfigurations = (
				87B8E96222390A7200CE602B /* Debug */,
				87B8E96322390A7200CE602B /* Release */,
			);
			defaultConfigurationIsVisible = 0;
			defaultConfigurationName = Release;
		};
		87B8E96422390A7200CE602B /* Build configuration list for PBXNativeTarget "KualiteeSDKTests" */ = {
			isa = XCConfigurationList;
			buildConfigurations = (
				87B8E96522390A7200CE602B /* Debug */,
				87B8E96622390A7200CE602B /* Release */,
			);
			defaultConfigurationIsVisible = 0;
			defaultConfigurationName = Release;
		};
/* End XCConfigurationList section */
	};
	rootObject = 87B8E94422390A7200CE602B /* Project object */;
}
